
Microsoft Visual Studio Solution File, Format Version 12.00
# Visual Studio 2013
VisualStudioVersion = 12.0.31101.0
MinimumVisualStudioVersion = 10.0.40219.1
Project("{FAE04EC0-301F-11D3-BF4B-00C04F79EFBC}") = "RstEditor", "RstEditor\RstEditor.csproj", "{CC782E1C-3160-4185-8443-3535BC6DB78B}"
EndProject
Project("{FAE04EC0-301F-11D3-BF4B-00C04F79EFBC}") = "RstEditor.Tests", "RstEditor.Tests\RstEditor.Tests.csproj", "{193112D6-90DD-4253-A5BC-59CFE01A8FD5}"
EndProject
Global
	GlobalSection(SolutionConfigurationPlatforms) = preSolution
		Debug|Any CPU = Debug|Any CPU
		Release|Any CPU = Release|Any CPU
	EndGlobalSection
	GlobalSection(ProjectConfigurationPlatforms) = postSolution
		{CC782E1C-3160-4185-8443-3535BC6DB78B}.Debug|Any CPU.ActiveCfg = Debug|Any CPU
		{CC782E1C-3160-4185-8443-3535BC6DB78B}.Debug|Any CPU.Build.0 = Debug|Any CPU
		{CC782E1C-3160-4185-8443-3535BC6DB78B}.Release|Any CPU.ActiveCfg = Release|Any CPU
		{CC782E1C-3160-4185-8443-3535BC6DB78B}.Release|Any CPU.Build.0 = Release|Any CPU
		{193112D6-90DD-4253-A5BC-59CFE01A8FD5}.Debug|Any CPU.ActiveCfg = Debug|Any CPU
		{193112D6-90DD-4253-A5BC-59CFE01A8FD5}.Debug|Any CPU.Build.0 = Debug|Any CPU
		{193112D6-90DD-4253-A5BC-59CFE01A8FD5}.Release|Any CPU.ActiveCfg = Release|Any CPU
		{193112D6-90DD-4253-A5BC-59CFE01A8FD5}.Release|Any CPU.Build.0 = Release|Any CPU
	EndGlobalSection
	GlobalSection(SolutionProperties) = preSolution
		HideSolutionNode = FALSE
	EndGlobalSection
EndGlobal
